
Microsoft Visual Studio Solution File, Format Version 12.00
# Visual Studio 2013
VisualStudioVersion = 12.0.31101.0
MinimumVisualStudioVersion = 10.0.40219.1
Project("{FAE04EC0-301F-11D3-BF4B-00C04F79EFBC}") = "gfdesignpatterns", "gfdesignpatterns\gfdesignpatterns.csproj", "{856E6767-125C-4D03-9994-8FFF3A220810}"
EndProject
Global
	GlobalSection(SolutionConfigurationPlatforms) = preSolution
		Debug|Any CPU = Debug|Any CPU
		Release|Any CPU = Release|Any CPU
	EndGlobalSection
	GlobalSection(ProjectConfigurationPlatforms) = postSolution
		{856E6767-125C-4D03-9994-8FFF3A220810}.Debug|Any CPU.ActiveCfg = Debug|Any CPU
		{856E6767-125C-4D03-9994-8FFF3A220810}.Debug|Any CPU.Build.0 = Debug|Any CPU
		{856E6767-125C-4D03-9994-8FFF3A220810}.Release|Any CPU.ActiveCfg = Release|Any CPU
		{856E6767-125C-4D03-9994-8FFF3A220810}.Release|Any CPU.Build.0 = Release|Any CPU
	EndGlobalSection
	GlobalSection(SolutionProperties) = preSolution
		HideSolutionNode = FALSE
	EndGlobalSection
EndGlobal
